
Microsoft Visual Studio Solution File, Format Version 12.00
Project("{FAE04EC0-301F-11D3-BF4B-00C04F79EFBC}") = "ksimb-membership", "ksimb-membership.csproj", "{9A889451-04E3-4740-AD62-CB8BC96F3EA1}"
EndProject
Global
	GlobalSection(SolutionConfigurationPlatforms) = preSolution
		Debug|Any CPU = Debug|Any CPU
		Release|Any CPU = Release|Any CPU
	EndGlobalSection
	GlobalSection(ProjectConfigurationPlatforms) = postSolution
		{9A889451-04E3-4740-AD62-CB8BC96F3EA1}.Debug|Any CPU.ActiveCfg = Debug|Any CPU
		{9A889451-04E3-4740-AD62-CB8BC96F3EA1}.Debug|Any CPU.Build.0 = Debug|Any CPU
		{9A889451-04E3-4740-AD62-CB8BC96F3EA1}.Release|Any CPU.ActiveCfg = Release|Any CPU
		{9A889451-04E3-4740-AD62-CB8BC96F3EA1}.Release|Any CPU.Build.0 = Release|Any CPU
	EndGlobalSection
EndGlobal
